
Microsoft Visual Studio Solution File, Format Version 12.00
# Visual Studio Version 16
VisualStudioVersion = 16.0.29709.97
MinimumVisualStudioVersion = 10.0.40219.1
Project("{FAE04EC0-301F-11D3-BF4B-00C04F79EFBC}") = "autoExcel", "autoExcel\autoExcel.csproj", "{7BC07D16-D298-4803-9C6A-2108BDA470CE}"
EndProject
Global
	GlobalSection(SolutionConfigurationPlatforms) = preSolution
		Debug|Any CPU = Debug|Any CPU
		Release|Any CPU = Release|Any CPU
	EndGlobalSection
	GlobalSection(ProjectConfigurationPlatforms) = postSolution
		{7BC07D16-D298-4803-9C6A-2108BDA470CE}.Debug|Any CPU.ActiveCfg = Debug|Any CPU
		{7BC07D16-D298-4803-9C6A-2108BDA470CE}.Debug|Any CPU.Build.0 = Debug|Any CPU
		{7BC07D16-D298-4803-9C6A-2108BDA470CE}.Release|Any CPU.ActiveCfg = Release|Any CPU
		{7BC07D16-D298-4803-9C6A-2108BDA470CE}.Release|Any CPU.Build.0 = Release|Any CPU
	EndGlobalSection
	GlobalSection(SolutionProperties) = preSolution
		HideSolutionNode = FALSE
	EndGlobalSection
	GlobalSection(ExtensibilityGlobals) = postSolution
		SolutionGuid = {723BF0E6-3F81-4F04-ADDD-64826EEAF436}
	EndGlobalSection
EndGlobal
